
Microsoft Visual Studio Solution File, Format Version 12.00
# Visual Studio Version 16
VisualStudioVersion = 16.0.30804.86
MinimumVisualStudioVersion = 10.0.40219.1
Project("{FAE04EC0-301F-11D3-BF4B-00C04F79EFBC}") = "CleanDeadLetterServiceBus", "CleanDeadLetterServiceBus\CleanDeadLetterServiceBus.csproj", "{575579C8-32FC-4F05-8A96-3A752F4A4ED1}"
EndProject
Global
	GlobalSection(SolutionConfigurationPlatforms) = preSolution
		Debug|Any CPU = Debug|Any CPU
		Release|Any CPU = Release|Any CPU
	EndGlobalSection
	GlobalSection(ProjectConfigurationPlatforms) = postSolution
		{575579C8-32FC-4F05-8A96-3A752F4A4ED1}.Debug|Any CPU.ActiveCfg = Debug|Any CPU
		{575579C8-32FC-4F05-8A96-3A752F4A4ED1}.Debug|Any CPU.Build.0 = Debug|Any CPU
		{575579C8-32FC-4F05-8A96-3A752F4A4ED1}.Release|Any CPU.ActiveCfg = Release|Any CPU
		{575579C8-32FC-4F05-8A96-3A752F4A4ED1}.Release|Any CPU.Build.0 = Release|Any CPU
	EndGlobalSection
	GlobalSection(SolutionProperties) = preSolution
		HideSolutionNode = FALSE
	EndGlobalSection
	GlobalSection(ExtensibilityGlobals) = postSolution
		SolutionGuid = {A5514B73-0302-44D6-8EE0-9624682BC7A7}
	EndGlobalSection
EndGlobal
